
Microsoft Visual Studio Solution File, Format Version 12.00
# Visual Studio Version 17
VisualStudioVersion = 17.6.33815.320
MinimumVisualStudioVersion = 10.0.40219.1
Project("{FAE04EC0-301F-11D3-BF4B-00C04F79EFBC}") = "Lib", "Lib\Lib.csproj", "{A30EA514-F6EE-4386-B251-987F8E4BBA04}"
EndProject
Project("{FAE04EC0-301F-11D3-BF4B-00C04F79EFBC}") = "TestConsole", "TestConsole\TestConsole.csproj", "{4FC5F3E0-9A36-478D-B75C-BA04F02278A5}"
EndProject
Project("{FAE04EC0-301F-11D3-BF4B-00C04F79EFBC}") = "TestUnit", "TestUnit\TestUnit.csproj", "{F9EED0EB-1736-4ABE-A87F-709837F852D1}"
EndProject
Global
	GlobalSection(SolutionConfigurationPlatforms) = preSolution
		Debug|Any CPU = Debug|Any CPU
		Release|Any CPU = Release|Any CPU
	EndGlobalSection
	GlobalSection(ProjectConfigurationPlatforms) = postSolution
		{A30EA514-F6EE-4386-B251-987F8E4BBA04}.Debug|Any CPU.ActiveCfg = Debug|Any CPU
		{A30EA514-F6EE-4386-B251-987F8E4BBA04}.Debug|Any CPU.Build.0 = Debug|Any CPU
		{A30EA514-F6EE-4386-B251-987F8E4BBA04}.Release|Any CPU.ActiveCfg = Release|Any CPU
		{A30EA514-F6EE-4386-B251-987F8E4BBA04}.Release|Any CPU.Build.0 = Release|Any CPU
		{4FC5F3E0-9A36-478D-B75C-BA04F02278A5}.Debug|Any CPU.ActiveCfg = Debug|Any CPU
		{4FC5F3E0-9A36-478D-B75C-BA04F02278A5}.Debug|Any CPU.Build.0 = Debug|Any CPU
		{4FC5F3E0-9A36-478D-B75C-BA04F02278A5}.Release|Any CPU.ActiveCfg = Release|Any CPU
		{4FC5F3E0-9A36-478D-B75C-BA04F02278A5}.Release|Any CPU.Build.0 = Release|Any CPU
		{F9EED0EB-1736-4ABE-A87F-709837F852D1}.Debug|Any CPU.ActiveCfg = Debug|Any CPU
		{F9EED0EB-1736-4ABE-A87F-709837F852D1}.Debug|Any CPU.Build.0 = Debug|Any CPU
		{F9EED0EB-1736-4ABE-A87F-709837F852D1}.Release|Any CPU.ActiveCfg = Release|Any CPU
		{F9EED0EB-1736-4ABE-A87F-709837F852D1}.Release|Any CPU.Build.0 = Release|Any CPU
	EndGlobalSection
	GlobalSection(SolutionProperties) = preSolution
		HideSolutionNode = FALSE
	EndGlobalSection
	GlobalSection(ExtensibilityGlobals) = postSolution
		SolutionGuid = {CF0F13E6-409F-4C5F-9F68-58E45603BE3C}
	EndGlobalSection
EndGlobal
